
Microsoft Visual Studio Solution File, Format Version 12.00
# Visual Studio Version 17
VisualStudioVersion = 17.6.33829.357
MinimumVisualStudioVersion = 10.0.40219.1
Project("{888888A0-9F3D-457C-B088-3A5042F75D52}") = "connect_4dots", "connect_4dots.pyproj", "{AC5C28D9-B0B8-41B5-A905-53398A847EED}"
EndProject
Global
	GlobalSection(SolutionConfigurationPlatforms) = preSolution
		Debug|Any CPU = Debug|Any CPU
		Release|Any CPU = Release|Any CPU
	EndGlobalSection
	GlobalSection(ProjectConfigurationPlatforms) = postSolution
		{AC5C28D9-B0B8-41B5-A905-53398A847EED}.Debug|Any CPU.ActiveCfg = Debug|Any CPU
		{AC5C28D9-B0B8-41B5-A905-53398A847EED}.Release|Any CPU.ActiveCfg = Release|Any CPU
	EndGlobalSection
	GlobalSection(SolutionProperties) = preSolution
		HideSolutionNode = FALSE
	EndGlobalSection
	GlobalSection(ExtensibilityGlobals) = postSolution
		SolutionGuid = {6116ECBF-4067-481A-958B-F833143A7F52}
	EndGlobalSection
EndGlobal
